
Microsoft Visual Studio Solution File, Format Version 12.00
# Visual Studio Version 16
VisualStudioVersion = 16.0.30114.105
MinimumVisualStudioVersion = 10.0.40219.1
Project("{FAE04EC0-301F-11D3-BF4B-00C04F79EFBC}") = "GodManager.Core", "GodManager\GodManager.csproj", "{AFABB8B6-3F9F-4140-916A-520319234C38}"
EndProject
Project("{FAE04EC0-301F-11D3-BF4B-00C04F79EFBC}") = "GodManager.Ends", "GodManager.Ends\GodManager.Ends.csproj", "{D421DEB8-A987-4C9D-9CDF-E519EE3C17A9}"
EndProject
Project("{FAE04EC0-301F-11D3-BF4B-00C04F79EFBC}") = "GodManager.Tests", "GodManager.Tests\GodManager.Tests.csproj", "{158DCD49-72D6-44E4-8C4A-14D24A9414DE}"
EndProject
Global
	GlobalSection(SolutionConfigurationPlatforms) = preSolution
		Debug|Any CPU = Debug|Any CPU
		Release|Any CPU = Release|Any CPU
	EndGlobalSection
	GlobalSection(SolutionProperties) = preSolution
		HideSolutionNode = FALSE
	EndGlobalSection
	GlobalSection(ProjectConfigurationPlatforms) = postSolution
		{AFABB8B6-3F9F-4140-916A-520319234C38}.Debug|Any CPU.ActiveCfg = Debug|Any CPU
		{AFABB8B6-3F9F-4140-916A-520319234C38}.Debug|Any CPU.Build.0 = Debug|Any CPU
		{AFABB8B6-3F9F-4140-916A-520319234C38}.Release|Any CPU.ActiveCfg = Release|Any CPU
		{AFABB8B6-3F9F-4140-916A-520319234C38}.Release|Any CPU.Build.0 = Release|Any CPU
		{D421DEB8-A987-4C9D-9CDF-E519EE3C17A9}.Debug|Any CPU.ActiveCfg = Debug|Any CPU
		{D421DEB8-A987-4C9D-9CDF-E519EE3C17A9}.Debug|Any CPU.Build.0 = Debug|Any CPU
		{D421DEB8-A987-4C9D-9CDF-E519EE3C17A9}.Release|Any CPU.ActiveCfg = Release|Any CPU
		{D421DEB8-A987-4C9D-9CDF-E519EE3C17A9}.Release|Any CPU.Build.0 = Release|Any CPU
		{0959FBF2-305B-430E-925B-6E9AA253355E}.Debug|Any CPU.ActiveCfg = Debug|Any CPU
		{0959FBF2-305B-430E-925B-6E9AA253355E}.Debug|Any CPU.Build.0 = Debug|Any CPU
		{0959FBF2-305B-430E-925B-6E9AA253355E}.Release|Any CPU.ActiveCfg = Release|Any CPU
		{0959FBF2-305B-430E-925B-6E9AA253355E}.Release|Any CPU.Build.0 = Release|Any CPU
		{93A2F6D6-6BF8-40D0-90DC-3C614F6CC436}.Debug|Any CPU.ActiveCfg = Debug|Any CPU
		{93A2F6D6-6BF8-40D0-90DC-3C614F6CC436}.Debug|Any CPU.Build.0 = Debug|Any CPU
		{93A2F6D6-6BF8-40D0-90DC-3C614F6CC436}.Release|Any CPU.ActiveCfg = Release|Any CPU
		{93A2F6D6-6BF8-40D0-90DC-3C614F6CC436}.Release|Any CPU.Build.0 = Release|Any CPU
		{158DCD49-72D6-44E4-8C4A-14D24A9414DE}.Debug|Any CPU.ActiveCfg = Debug|Any CPU
		{158DCD49-72D6-44E4-8C4A-14D24A9414DE}.Debug|Any CPU.Build.0 = Debug|Any CPU
		{158DCD49-72D6-44E4-8C4A-14D24A9414DE}.Release|Any CPU.ActiveCfg = Release|Any CPU
		{158DCD49-72D6-44E4-8C4A-14D24A9414DE}.Release|Any CPU.Build.0 = Release|Any CPU
	EndGlobalSection
EndGlobal
